
Microsoft Visual Studio Solution File, Format Version 12.00
# Visual Studio Version 16
VisualStudioVersion = 16.0.34031.81
MinimumVisualStudioVersion = 10.0.40219.1
Project("{FAE04EC0-301F-11D3-BF4B-00C04F79EFBC}") = "sixpartassignment", "sixpartassignment.csproj", "{8436BCDA-51AB-422E-8C0C-903E586255E5}"
EndProject
Global
	GlobalSection(SolutionConfigurationPlatforms) = preSolution
		Debug|Any CPU = Debug|Any CPU
		Release|Any CPU = Release|Any CPU
	EndGlobalSection
	GlobalSection(ProjectConfigurationPlatforms) = postSolution
		{8436BCDA-51AB-422E-8C0C-903E586255E5}.Debug|Any CPU.ActiveCfg = Debug|Any CPU
		{8436BCDA-51AB-422E-8C0C-903E586255E5}.Debug|Any CPU.Build.0 = Debug|Any CPU
		{8436BCDA-51AB-422E-8C0C-903E586255E5}.Release|Any CPU.ActiveCfg = Release|Any CPU
		{8436BCDA-51AB-422E-8C0C-903E586255E5}.Release|Any CPU.Build.0 = Release|Any CPU
	EndGlobalSection
	GlobalSection(SolutionProperties) = preSolution
		HideSolutionNode = FALSE
	EndGlobalSection
	GlobalSection(ExtensibilityGlobals) = postSolution
		SolutionGuid = {196FEE89-2E9B-4D78-A7EF-D16A33D3BB3E}
	EndGlobalSection
EndGlobal
